
Microsoft Visual Studio Solution File, Format Version 12.00
# Visual Studio Version 17
VisualStudioVersion = 17.8.34322.80
MinimumVisualStudioVersion = 10.0.40219.1
Project("{FAE04EC0-301F-11D3-BF4B-00C04F79EFBC}") = "UP_Fitnes_Utkin", "UP_Fitnes_Utkin\UP_Fitnes_Utkin.csproj", "{B9A14B5A-41FF-4AD9-859F-CE06A1C5B614}"
EndProject
Global
	GlobalSection(SolutionConfigurationPlatforms) = preSolution
		Debug|Any CPU = Debug|Any CPU
		Release|Any CPU = Release|Any CPU
	EndGlobalSection
	GlobalSection(ProjectConfigurationPlatforms) = postSolution
		{B9A14B5A-41FF-4AD9-859F-CE06A1C5B614}.Debug|Any CPU.ActiveCfg = Debug|Any CPU
		{B9A14B5A-41FF-4AD9-859F-CE06A1C5B614}.Debug|Any CPU.Build.0 = Debug|Any CPU
		{B9A14B5A-41FF-4AD9-859F-CE06A1C5B614}.Release|Any CPU.ActiveCfg = Release|Any CPU
		{B9A14B5A-41FF-4AD9-859F-CE06A1C5B614}.Release|Any CPU.Build.0 = Release|Any CPU
	EndGlobalSection
	GlobalSection(SolutionProperties) = preSolution
		HideSolutionNode = FALSE
	EndGlobalSection
	GlobalSection(ExtensibilityGlobals) = postSolution
		SolutionGuid = {50E993B2-9A24-46D4-8B62-93A3DF219717}
	EndGlobalSection
EndGlobal
